
Microsoft Visual Studio Solution File, Format Version 12.00
# Visual Studio Version 17
VisualStudioVersion = 17.5.33424.131
MinimumVisualStudioVersion = 10.0.40219.1
Project("{FAE04EC0-301F-11D3-BF4B-00C04F79EFBC}") = "Calculator", "Calculator.csproj", "{0189B6AA-83E4-4396-A368-A4C4D1D82D2F}"
EndProject
Project("{FAE04EC0-301F-11D3-BF4B-00C04F79EFBC}") = "TestCalculator", "..\TestCalculator\TestCalculator.csproj", "{4C58134B-DCD1-4505-ADF3-849031B7F0E8}"
	ProjectSection(ProjectDependencies) = postProject
		{0189B6AA-83E4-4396-A368-A4C4D1D82D2F} = {0189B6AA-83E4-4396-A368-A4C4D1D82D2F}
	EndProjectSection
EndProject
Global
	GlobalSection(SolutionConfigurationPlatforms) = preSolution
		Debug|Any CPU = Debug|Any CPU
		Release|Any CPU = Release|Any CPU
	EndGlobalSection
	GlobalSection(ProjectConfigurationPlatforms) = postSolution
		{0189B6AA-83E4-4396-A368-A4C4D1D82D2F}.Debug|Any CPU.ActiveCfg = Debug|Any CPU
		{0189B6AA-83E4-4396-A368-A4C4D1D82D2F}.Debug|Any CPU.Build.0 = Debug|Any CPU
		{0189B6AA-83E4-4396-A368-A4C4D1D82D2F}.Release|Any CPU.ActiveCfg = Release|Any CPU
		{0189B6AA-83E4-4396-A368-A4C4D1D82D2F}.Release|Any CPU.Build.0 = Release|Any CPU
		{4C58134B-DCD1-4505-ADF3-849031B7F0E8}.Debug|Any CPU.ActiveCfg = Debug|Any CPU
		{4C58134B-DCD1-4505-ADF3-849031B7F0E8}.Debug|Any CPU.Build.0 = Debug|Any CPU
		{4C58134B-DCD1-4505-ADF3-849031B7F0E8}.Release|Any CPU.ActiveCfg = Release|Any CPU
		{4C58134B-DCD1-4505-ADF3-849031B7F0E8}.Release|Any CPU.Build.0 = Release|Any CPU
	EndGlobalSection
	GlobalSection(SolutionProperties) = preSolution
		HideSolutionNode = FALSE
	EndGlobalSection
	GlobalSection(ExtensibilityGlobals) = postSolution
		SolutionGuid = {C48D85AD-D160-4FE5-8922-3260BE2A6F71}
	EndGlobalSection
EndGlobal
